// !$*UTF8*$!
{
	archiveVersion = 1;
	classes = {
	};
	objectVersion = 50;
	objects = {

/* Begin PBXBuildFile section */
		94D00E77FADDF4142E024E4D /* Pods_CLScanQrCode.framework in Frameworks */ = {isa = PBXBuildFile; fileRef = 8BBFF16E705352AE5D346BB5 /* Pods_CLScanQrCode.framework */; };
		95B75C8221CDCB4100EAD18E /* AppDelegate.swift in Sources */ = {isa = PBXBuildFile; fileRef = 95B75C8121CDCB4100EAD18E /* AppDelegate.swift */; };
		95B75C8421CDCB4100EAD18E /* ViewController.swift in Sources */ = {isa = PBXBuildFile; fileRef = 95B75C8321CDCB4100EAD18E /* ViewController.swift */; };
		95B75C8721CDCB4100EAD18E /* Main.storyboard in Resources */ = {isa = PBXBuildFile; fileRef = 95B75C8521CDCB4100EAD18E /* Main.storyboard */; };
		95B75C8921CDCB4300EAD18E /* Assets.xcassets in Resources */ = {isa = PBXBuildFile; fileRef = 95B75C8821CDCB4300EAD18E /* Assets.xcassets */; };
		95B75C8C21CDCB4300EAD18E /* LaunchScreen.storyboard in Resources */ = {isa = PBXBuildFile; fileRef = 95B75C8A21CDCB4300EAD18E /* LaunchScreen.storyboard */; };
		95B75CCF21CDD30F00EAD18E /* CLScanCodeController.swift in Sources */ = {isa = PBXBuildFile; fileRef = 95B75CCD21CDD30E00EAD18E /* CLScanCodeController.swift */; };
		95B75CED21CDD3B800EAD18E /* UIImage+BMScan.m in Sources */ = {isa = PBXBuildFile; fileRef = 95B75CD621CDD3B800EAD18E /* UIImage+BMScan.m */; };
		95B75CEE21CDD3B800EAD18E /* qrcode_scan_full_net.png in Resources */ = {isa = PBXBuildFile; fileRef = 95B75CD821CDD3B800EAD18E /* qrcode_scan_full_net.png */; };
		95B75CEF21CDD3B800EAD18E /* bm_scan_image_qr_newbarcode_light_on@2x.png in Resources */ = {isa = PBXBuildFile; fileRef = 95B75CD921CDD3B800EAD18E /* bm_scan_image_qr_newbarcode_light_on@2x.png */; };
		95B75CF021CDD3B800EAD18E /* bm_scan_image_qr_corner_001_@2x.png in Resources */ = {isa = PBXBuildFile; fileRef = 95B75CDA21CDD3B800EAD18E /* bm_scan_image_qr_corner_001_@2x.png */; };
		95B75CF121CDD3B800EAD18E /* bm_scan_image_qr_newbarcode_light_off@2x.png in Resources */ = {isa = PBXBuildFile; fileRef = 95B75CDB21CDD3B800EAD18E /* bm_scan_image_qr_newbarcode_light_off@2x.png */; };
		95B75CF221CDD3B800EAD18E /* bm_scan_image_qr_corner_003_@2x.png in Resources */ = {isa = PBXBuildFile; fileRef = 95B75CDC21CDD3B800EAD18E /* bm_scan_image_qr_corner_003_@2x.png */; };
		95B75CF321CDD3B800EAD18E /* bm_scan_image_qr_corner_002_@2x.png in Resources */ = {isa = PBXBuildFile; fileRef = 95B75CDD21CDD3B800EAD18E /* bm_scan_image_qr_corner_002_@2x.png */; };
		95B75CF421CDD3B800EAD18E /* qrcode_scan_part_net.png in Resources */ = {isa = PBXBuildFile; fileRef = 95B75CDE21CDD3B800EAD18E /* qrcode_scan_part_net.png */; };
		95B75CF521CDD3B800EAD18E /* bm_scan_image_qr_corner_004_@2x.png in Resources */ = {isa = PBXBuildFile; fileRef = 95B75CDF21CDD3B800EAD18E /* bm_scan_image_qr_corner_004_@2x.png */; };
		95B75CF621CDD3B800EAD18E /* bm_scan_image_qr_scan_line@2x.png in Resources */ = {isa = PBXBuildFile; fileRef = 95B75CE021CDD3B800EAD18E /* bm_scan_image_qr_scan_line@2x.png */; };
		95B75CF721CDD3B800EAD18E /* BMDefaultUIView.m in Sources */ = {isa = PBXBuildFile; fileRef = 95B75CE221CDD3B800EAD18E /* BMDefaultUIView.m */; };
		95B75CF821CDD3B800EAD18E /* BMDefaultUIView.xib in Resources */ = {isa = PBXBuildFile; fileRef = 95B75CE321CDD3B800EAD18E /* BMDefaultUIView.xib */; };
		95B75CF921CDD3B800EAD18E /* BMScanController.m in Sources */ = {isa = PBXBuildFile; fileRef = 95B75CE721CDD3B800EAD18E /* BMScanController.m */; };
		95B75CFA21CDD3B800EAD18E /* BMScanDefaultCotroller.m in Sources */ = {isa = PBXBuildFile; fileRef = 95B75CE921CDD3B800EAD18E /* BMScanDefaultCotroller.m */; };
		95B75CFD21CDD9F900EAD18E /* icn_light@3x.png in Resources */ = {isa = PBXBuildFile; fileRef = 95B75CFB21CDD9F900EAD18E /* icn_light@3x.png */; };
		95B75CFE21CDD9F900EAD18E /* icn_light@2x.png in Resources */ = {isa = PBXBuildFile; fileRef = 95B75CFC21CDD9F900EAD18E /* icn_light@2x.png */; };
		95B75D0121CDDA2100EAD18E /* icn_light_s@2x.png in Resources */ = {isa = PBXBuildFile; fileRef = 95B75CFF21CDDA2100EAD18E /* icn_light_s@2x.png */; };
		95B75D0221CDDA2100EAD18E /* icn_light_s@3x.png in Resources */ = {isa = PBXBuildFile; fileRef = 95B75D0021CDDA2100EAD18E /* icn_light_s@3x.png */; };
		95B75D0421CDDE1700EAD18E /* IDScanNavgationView.swift in Sources */ = {isa = PBXBuildFile; fileRef = 95B75D0321CDDE1700EAD18E /* IDScanNavgationView.swift */; };
		95B75D0721CDE0A000EAD18E /* icn_back_white@2x.png in Resources */ = {isa = PBXBuildFile; fileRef = 95B75D0521CDE0A000EAD18E /* icn_back_white@2x.png */; };
		95B75D0821CDE0A000EAD18E /* icn_back_white@3x.png in Resources */ = {isa = PBXBuildFile; fileRef = 95B75D0621CDE0A000EAD18E /* icn_back_white@3x.png */; };
		95B75D0A21CDE0B900EAD18E /* BundleUtil.swift in Sources */ = {isa = PBXBuildFile; fileRef = 95B75D0921CDE0B900EAD18E /* BundleUtil.swift */; };
		95B75D0C21CDE10300EAD18E /* LimitsTools.swift in Sources */ = {isa = PBXBuildFile; fileRef = 95B75D0B21CDE10300EAD18E /* LimitsTools.swift */; };
		95B75D0E21CDE4B200EAD18E /* IDScanQrcodeConfig.swift in Sources */ = {isa = PBXBuildFile; fileRef = 95B75D0D21CDE4B200EAD18E /* IDScanQrcodeConfig.swift */; };
/* End PBXBuildFile section */

/* Begin PBXFileReference section */
		697F061BC86033F31E482C75 /* Pods-CLScanQrCode.debug.xcconfig */ = {isa = PBXFileReference; includeInIndex = 1; lastKnownFileType = text.xcconfig; name = "Pods-CLScanQrCode.debug.xcconfig"; path = "Pods/Target Support Files/Pods-CLScanQrCode/Pods-CLScanQrCode.debug.xcconfig"; sourceTree = "<group>"; };
		8BBFF16E705352AE5D346BB5 /* Pods_CLScanQrCode.framework */ = {isa = PBXFileReference; explicitFileType = wrapper.framework; includeInIndex = 0; path = Pods_CLScanQrCode.framework; sourceTree = BUILT_PRODUCTS_DIR; };
		95B75C7E21CDCB4100EAD18E /* CLScanQrCode.app */ = {isa = PBXFileReference; explicitFileType = wrapper.application; includeInIndex = 0; path = CLScanQrCode.app; sourceTree = BUILT_PRODUCTS_DIR; };
		95B75C8121CDCB4100EAD18E /* AppDelegate.swift */ = {isa = PBXFileReference; lastKnownFileType = sourcecode.swift; path = AppDelegate.swift; sourceTree = "<group>"; };
		95B75C8321CDCB4100EAD18E /* ViewController.swift */ = {isa = PBXFileReference; lastKnownFileType = sourcecode.swift; path = ViewController.swift; sourceTree = "<group>"; };
		95B75C8621CDCB4100EAD18E /* Base */ = {isa = PBXFileReference; lastKnownFileType = file.storyboard; name = Base; path = Base.lproj/Main.storyboard; sourceTree = "<group>"; };
		95B75C8821CDCB4300EAD18E /* Assets.xcassets */ = {isa = PBXFileReference; lastKnownFileType = folder.assetcatalog; path = Assets.xcassets; sourceTree = "<group>"; };
		95B75C8B21CDCB4300EAD18E /* Base */ = {isa = PBXFileReference; lastKnownFileType = file.storyboard; name = Base; path = Base.lproj/LaunchScreen.storyboard; sourceTree = "<group>"; };
		95B75C8D21CDCB4300EAD18E /* Info.plist */ = {isa = PBXFileReference; lastKnownFileType = text.plist.xml; path = Info.plist; sourceTree = "<group>"; };
		95B75CCD21CDD30E00EAD18E /* CLScanCodeController.swift */ = {isa = PBXFileReference; fileEncoding = 4; lastKnownFileType = sourcecode.swift; path = CLScanCodeController.swift; sourceTree = "<group>"; };
		95B75CCE21CDD30E00EAD18E /* CLScanQrCode-Bridging-Header.h */ = {isa = PBXFileReference; fileEncoding = 4; lastKnownFileType = sourcecode.c.h; path = "CLScanQrCode-Bridging-Header.h"; sourceTree = "<group>"; };
		95B75CD521CDD3B800EAD18E /* UIImage+BMScan.h */ = {isa = PBXFileReference; fileEncoding = 4; lastKnownFileType = sourcecode.c.h; path = "UIImage+BMScan.h"; sourceTree = "<group>"; };
		95B75CD621CDD3B800EAD18E /* UIImage+BMScan.m */ = {isa = PBXFileReference; fileEncoding = 4; lastKnownFileType = sourcecode.c.objc; path = "UIImage+BMScan.m"; sourceTree = "<group>"; };
		95B75CD821CDD3B800EAD18E /* qrcode_scan_full_net.png */ = {isa = PBXFileReference; lastKnownFileType = image.png; path = qrcode_scan_full_net.png; sourceTree = "<group>"; };
		95B75CD921CDD3B800EAD18E /* bm_scan_image_qr_newbarcode_light_on@2x.png */ = {isa = PBXFileReference; lastKnownFileType = image.png; path = "bm_scan_image_qr_newbarcode_light_on@2x.png"; sourceTree = "<group>"; };
		95B75CDA21CDD3B800EAD18E /* bm_scan_image_qr_corner_001_@2x.png */ = {isa = PBXFileReference; lastKnownFileType = image.png; path = "bm_scan_image_qr_corner_001_@2x.png"; sourceTree = "<group>"; };
		95B75CDB21CDD3B800EAD18E /* bm_scan_image_qr_newbarcode_light_off@2x.png */ = {isa = PBXFileReference; lastKnownFileType = image.png; path = "bm_scan_image_qr_newbarcode_light_off@2x.png"; sourceTree = "<group>"; };
		95B75CDC21CDD3B800EAD18E /* bm_scan_image_qr_corner_003_@2x.png */ = {isa = PBXFileReference; lastKnownFileType = image.png; path = "bm_scan_image_qr_corner_003_@2x.png"; sourceTree = "<group>"; };
		95B75CDD21CDD3B800EAD18E /* bm_scan_image_qr_corner_002_@2x.png */ = {isa = PBXFileReference; lastKnownFileType = image.png; path = "bm_scan_image_qr_corner_002_@2x.png"; sourceTree = "<group>"; };
		95B75CDE21CDD3B800EAD18E /* qrcode_scan_part_net.png */ = {isa = PBXFileReference; lastKnownFileType = image.png; path = qrcode_scan_part_net.png; sourceTree = "<group>"; };
		95B75CDF21CDD3B800EAD18E /* bm_scan_image_qr_corner_004_@2x.png */ = {isa = PBXFileReference; lastKnownFileType = image.png; path = "bm_scan_image_qr_corner_004_@2x.png"; sourceTree = "<group>"; };
		95B75CE021CDD3B800EAD18E /* bm_scan_image_qr_scan_line@2x.png */ = {isa = PBXFileReference; lastKnownFileType = image.png; path = "bm_scan_image_qr_scan_line@2x.png"; sourceTree = "<group>"; };
		95B75CE221CDD3B800EAD18E /* BMDefaultUIView.m */ = {isa = PBXFileReference; fileEncoding = 4; lastKnownFileType = sourcecode.c.objc; path = BMDefaultUIView.m; sourceTree = "<group>"; };
		95B75CE321CDD3B800EAD18E /* BMDefaultUIView.xib */ = {isa = PBXFileReference; fileEncoding = 4; lastKnownFileType = file.xib; path = BMDefaultUIView.xib; sourceTree = "<group>"; };
		95B75CE421CDD3B800EAD18E /* BMDefaultUIView.h */ = {isa = PBXFileReference; fileEncoding = 4; lastKnownFileType = sourcecode.c.h; path = BMDefaultUIView.h; sourceTree = "<group>"; };
		95B75CE621CDD3B800EAD18E /* BMScanDefaultCotroller.h */ = {isa = PBXFileReference; fileEncoding = 4; lastKnownFileType = sourcecode.c.h; path = BMScanDefaultCotroller.h; sourceTree = "<group>"; };
		95B75CE721CDD3B800EAD18E /* BMScanController.m */ = {isa = PBXFileReference; fileEncoding = 4; lastKnownFileType = sourcecode.c.objc; path = BMScanController.m; sourceTree = "<group>"; };
		95B75CE821CDD3B800EAD18E /* BMScanController.h */ = {isa = PBXFileReference; fileEncoding = 4; lastKnownFileType = sourcecode.c.h; path = BMScanController.h; sourceTree = "<group>"; };
		95B75CE921CDD3B800EAD18E /* BMScanDefaultCotroller.m */ = {isa = PBXFileReference; fileEncoding = 4; lastKnownFileType = sourcecode.c.objc; path = BMScanDefaultCotroller.m; sourceTree = "<group>"; };
		95B75CEA21CDD3B800EAD18E /* BMScan.h */ = {isa = PBXFileReference; fileEncoding = 4; lastKnownFileType = sourcecode.c.h; path = BMScan.h; sourceTree = "<group>"; };
		95B75CFB21CDD9F900EAD18E /* icn_light@3x.png */ = {isa = PBXFileReference; lastKnownFileType = image.png; path = "icn_light@3x.png"; sourceTree = "<group>"; };
		95B75CFC21CDD9F900EAD18E /* icn_light@2x.png */ = {isa = PBXFileReference; lastKnownFileType = image.png; path = "icn_light@2x.png"; sourceTree = "<group>"; };
		95B75CFF21CDDA2100EAD18E /* icn_light_s@2x.png */ = {isa = PBXFileReference; lastKnownFileType = image.png; path = "icn_light_s@2x.png"; sourceTree = "<group>"; };
		95B75D0021CDDA2100EAD18E /* icn_light_s@3x.png */ = {isa = PBXFileReference; lastKnownFileType = image.png; path = "icn_light_s@3x.png"; sourceTree = "<group>"; };
		95B75D0321CDDE1700EAD18E /* IDScanNavgationView.swift */ = {isa = PBXFileReference; fileEncoding = 4; lastKnownFileType = sourcecode.swift; path = IDScanNavgationView.swift; sourceTree = "<group>"; };
		95B75D0521CDE0A000EAD18E /* icn_back_white@2x.png */ = {isa = PBXFileReference; lastKnownFileType = image.png; path = "icn_back_white@2x.png"; sourceTree = "<group>"; };
		95B75D0621CDE0A000EAD18E /* icn_back_white@3x.png */ = {isa = PBXFileReference; lastKnownFileType = image.png; path = "icn_back_white@3x.png"; sourceTree = "<group>"; };
		95B75D0921CDE0B900EAD18E /* BundleUtil.swift */ = {isa = PBXFileReference; fileEncoding = 4; lastKnownFileType = sourcecode.swift; path = BundleUtil.swift; sourceTree = "<group>"; };
		95B75D0B21CDE10300EAD18E /* LimitsTools.swift */ = {isa = PBXFileReference; fileEncoding = 4; lastKnownFileType = sourcecode.swift; path = LimitsTools.swift; sourceTree = "<group>"; };
		95B75D0D21CDE4B200EAD18E /* IDScanQrcodeConfig.swift */ = {isa = PBXFileReference; fileEncoding = 4; lastKnownFileType = sourcecode.swift; path = IDScanQrcodeConfig.swift; sourceTree = "<group>"; };
		95B75D0F21CDE5D600EAD18E /* CLScanQrCode.podspec */ = {isa = PBXFileReference; lastKnownFileType = text; path = CLScanQrCode.podspec; sourceTree = "<group>"; };
		A557B53E22C8A7F4B4E1B2F4 /* Pods-CLScanQrCode.release.xcconfig */ = {isa = PBXFileReference; includeInIndex = 1; lastKnownFileType = text.xcconfig; name = "Pods-CLScanQrCode.release.xcconfig"; path = "Pods/Target Support Files/Pods-CLScanQrCode/Pods-CLScanQrCode.release.xcconfig"; sourceTree = "<group>"; };
/* End PBXFileReference section */

/* Begin PBXFrameworksBuildPhase section */
		95B75C7B21CDCB4100EAD18E /* Frameworks */ = {
			isa = PBXFrameworksBuildPhase;
			buildActionMask = 2147483647;
			files = (
				94D00E77FADDF4142E024E4D /* Pods_CLScanQrCode.framework in Frameworks */,
			);
			runOnlyForDeploymentPostprocessing = 0;
		};
/* End PBXFrameworksBuildPhase section */

/* Begin PBXGroup section */
		764543B26BC188C65DBAC83E /* Frameworks */ = {
			isa = PBXGroup;
			children = (
				8BBFF16E705352AE5D346BB5 /* Pods_CLScanQrCode.framework */,
			);
			name = Frameworks;
			sourceTree = "<group>";
		};
		95B75C7521CDCB4100EAD18E = {
			isa = PBXGroup;
			children = (
				95B75D0F21CDE5D600EAD18E /* CLScanQrCode.podspec */,
				95B75C8021CDCB4100EAD18E /* CLScanQrCode */,
				95B75C7F21CDCB4100EAD18E /* Products */,
				C595B8AFE0F4E94602932257 /* Pods */,
				764543B26BC188C65DBAC83E /* Frameworks */,
			);
			sourceTree = "<group>";
		};
		95B75C7F21CDCB4100EAD18E /* Products */ = {
			isa = PBXGroup;
			children = (
				95B75C7E21CDCB4100EAD18E /* CLScanQrCode.app */,
			);
			name = Products;
			sourceTree = "<group>";
		};
		95B75C8021CDCB4100EAD18E /* CLScanQrCode */ = {
			isa = PBXGroup;
			children = (
				95B75CC621CDD2A200EAD18E /* CLScanQrCode */,
				95B75C8121CDCB4100EAD18E /* AppDelegate.swift */,
				95B75C8321CDCB4100EAD18E /* ViewController.swift */,
				95B75C8521CDCB4100EAD18E /* Main.storyboard */,
				95B75C8821CDCB4300EAD18E /* Assets.xcassets */,
				95B75C8A21CDCB4300EAD18E /* LaunchScreen.storyboard */,
				95B75C8D21CDCB4300EAD18E /* Info.plist */,
			);
			path = CLScanQrCode;
			sourceTree = "<group>";
		};
		95B75CC621CDD2A200EAD18E /* CLScanQrCode */ = {
			isa = PBXGroup;
			children = (
				95B75D0D21CDE4B200EAD18E /* IDScanQrcodeConfig.swift */,
				95B75D0B21CDE10300EAD18E /* LimitsTools.swift */,
				95B75D0921CDE0B900EAD18E /* BundleUtil.swift */,
				95B75D0321CDDE1700EAD18E /* IDScanNavgationView.swift */,
				95B75CCD21CDD30E00EAD18E /* CLScanCodeController.swift */,
				95B75CCE21CDD30E00EAD18E /* CLScanQrCode-Bridging-Header.h */,
				95B75CD021CDD3B800EAD18E /* CLScanCode */,
				95B75CC721CDD2B800EAD18E /* Images */,
			);
			path = CLScanQrCode;
			sourceTree = "<group>";
		};
		95B75CC721CDD2B800EAD18E /* Images */ = {
			isa = PBXGroup;
			children = (
				95B75D0521CDE0A000EAD18E /* icn_back_white@2x.png */,
				95B75D0621CDE0A000EAD18E /* icn_back_white@3x.png */,
				95B75CFF21CDDA2100EAD18E /* icn_light_s@2x.png */,
				95B75D0021CDDA2100EAD18E /* icn_light_s@3x.png */,
				95B75CFC21CDD9F900EAD18E /* icn_light@2x.png */,
				95B75CFB21CDD9F900EAD18E /* icn_light@3x.png */,
				95B75CD821CDD3B800EAD18E /* qrcode_scan_full_net.png */,
				95B75CD921CDD3B800EAD18E /* bm_scan_image_qr_newbarcode_light_on@2x.png */,
				95B75CDA21CDD3B800EAD18E /* bm_scan_image_qr_corner_001_@2x.png */,
				95B75CDB21CDD3B800EAD18E /* bm_scan_image_qr_newbarcode_light_off@2x.png */,
				95B75CDC21CDD3B800EAD18E /* bm_scan_image_qr_corner_003_@2x.png */,
				95B75CDD21CDD3B800EAD18E /* bm_scan_image_qr_corner_002_@2x.png */,
				95B75CDE21CDD3B800EAD18E /* qrcode_scan_part_net.png */,
				95B75CDF21CDD3B800EAD18E /* bm_scan_image_qr_corner_004_@2x.png */,
				95B75CE021CDD3B800EAD18E /* bm_scan_image_qr_scan_line@2x.png */,
			);
			path = Images;
			sourceTree = "<group>";
		};
		95B75CD021CDD3B800EAD18E /* CLScanCode */ = {
			isa = PBXGroup;
			children = (
				95B75CD321CDD3B800EAD18E /* BMScanner */,
			);
			path = CLScanCode;
			sourceTree = "<group>";
		};
		95B75CD321CDD3B800EAD18E /* BMScanner */ = {
			isa = PBXGroup;
			children = (
				95B75CD421CDD3B800EAD18E /* Category */,
				95B75CE121CDD3B800EAD18E /* View */,
				95B75CE521CDD3B800EAD18E /* Cotroller */,
			);
			path = BMScanner;
			sourceTree = "<group>";
		};
		95B75CD421CDD3B800EAD18E /* Category */ = {
			isa = PBXGroup;
			children = (
				95B75CD521CDD3B800EAD18E /* UIImage+BMScan.h */,
				95B75CD621CDD3B800EAD18E /* UIImage+BMScan.m */,
			);
			path = Category;
			sourceTree = "<group>";
		};
		95B75CE121CDD3B800EAD18E /* View */ = {
			isa = PBXGroup;
			children = (
				95B75CE221CDD3B800EAD18E /* BMDefaultUIView.m */,
				95B75CE321CDD3B800EAD18E /* BMDefaultUIView.xib */,
				95B75CE421CDD3B800EAD18E /* BMDefaultUIView.h */,
			);
			path = View;
			sourceTree = "<group>";
		};
		95B75CE521CDD3B800EAD18E /* Cotroller */ = {
			isa = PBXGroup;
			children = (
				95B75CE621CDD3B800EAD18E /* BMScanDefaultCotroller.h */,
				95B75CE721CDD3B800EAD18E /* BMScanController.m */,
				95B75CE821CDD3B800EAD18E /* BMScanController.h */,
				95B75CE921CDD3B800EAD18E /* BMScanDefaultCotroller.m */,
				95B75CEA21CDD3B800EAD18E /* BMScan.h */,
			);
			path = Cotroller;
			sourceTree = "<group>";
		};
		C595B8AFE0F4E94602932257 /* Pods */ = {
			isa = PBXGroup;
			children = (
				697F061BC86033F31E482C75 /* Pods-CLScanQrCode.debug.xcconfig */,
				A557B53E22C8A7F4B4E1B2F4 /* Pods-CLScanQrCode.release.xcconfig */,
			);
			name = Pods;
			sourceTree = "<group>";
		};
/* End PBXGroup section */

/* Begin PBXNativeTarget section */
		95B75C7D21CDCB4100EAD18E /* CLScanQrCode */ = {
			isa = PBXNativeTarget;
			buildConfigurationList = 95B75C9021CDCB4300EAD18E /* Build configuration list for PBXNativeTarget "CLScanQrCode" */;
			buildPhases = (
				B24212F07BFF64DF5256579C /* [CP] Check Pods Manifest.lock */,
				95B75C7A21CDCB4100EAD18E /* Sources */,
				95B75C7B21CDCB4100EAD18E /* Frameworks */,
				95B75C7C21CDCB4100EAD18E /* Resources */,
				4509A70B1F75D322B6AD85BD /* [CP] Embed Pods Frameworks */,
				2CA7C87A244C8265A66830DA /* [CP] Copy Pods Resources */,
			);
			buildRules = (
			);
			dependencies = (
			);
			name = CLScanQrCode;
			productName = CLScanQrCode;
			productReference = 95B75C7E21CDCB4100EAD18E /* CLScanQrCode.app */;
			productType = "com.apple.product-type.application";
		};
/* End PBXNativeTarget section */

/* Begin PBXProject section */
		95B75C7621CDCB4100EAD18E /* Project object */ = {
			isa = PBXProject;
			attributes = {
				LastSwiftUpdateCheck = 1010;
				LastUpgradeCheck = 1010;
				ORGANIZATIONNAME = haiding.123.com;
				TargetAttributes = {
					95B75C7D21CDCB4100EAD18E = {
						CreatedOnToolsVersion = 10.1;
						LastSwiftMigration = 1010;
					};
				};
			};
			buildConfigurationList = 95B75C7921CDCB4100EAD18E /* Build configuration list for PBXProject "CLScanQrCode" */;
			compatibilityVersion = "Xcode 9.3";
			developmentRegion = en;
			hasScannedForEncodings = 0;
			knownRegions = (
				en,
				Base,
			);
			mainGroup = 95B75C7521CDCB4100EAD18E;
			productRefGroup = 95B75C7F21CDCB4100EAD18E /* Products */;
			projectDirPath = "";
			projectRoot = "";
			targets = (
				95B75C7D21CDCB4100EAD18E /* CLScanQrCode */,
			);
		};
/* End PBXProject section */

/* Begin PBXResourcesBuildPhase section */
		95B75C7C21CDCB4100EAD18E /* Resources */ = {
			isa = PBXResourcesBuildPhase;
			buildActionMask = 2147483647;
			files = (
				95B75CF621CDD3B800EAD18E /* bm_scan_image_qr_scan_line@2x.png in Resources */,
				95B75C8C21CDCB4300EAD18E /* LaunchScreen.storyboard in Resources */,
				95B75D0121CDDA2100EAD18E /* icn_light_s@2x.png in Resources */,
				95B75CF321CDD3B800EAD18E /* bm_scan_image_qr_corner_002_@2x.png in Resources */,
				95B75CF121CDD3B800EAD18E /* bm_scan_image_qr_newbarcode_light_off@2x.png in Resources */,
				95B75D0821CDE0A000EAD18E /* icn_back_white@3x.png in Resources */,
				95B75CEE21CDD3B800EAD18E /* qrcode_scan_full_net.png in Resources */,
				95B75C8921CDCB4300EAD18E /* Assets.xcassets in Resources */,
				95B75CFE21CDD9F900EAD18E /* icn_light@2x.png in Resources */,
				95B75D0721CDE0A000EAD18E /* icn_back_white@2x.png in Resources */,
				95B75CF521CDD3B800EAD18E /* bm_scan_image_qr_corner_004_@2x.png in Resources */,
				95B75D0221CDDA2100EAD18E /* icn_light_s@3x.png in Resources */,
				95B75CF421CDD3B800EAD18E /* qrcode_scan_part_net.png in Resources */,
				95B75CF221CDD3B800EAD18E /* bm_scan_image_qr_corner_003_@2x.png in Resources */,
				95B75CEF21CDD3B800EAD18E /* bm_scan_image_qr_newbarcode_light_on@2x.png in Resources */,
				95B75CF821CDD3B800EAD18E /* BMDefaultUIView.xib in Resources */,
				95B75CF021CDD3B800EAD18E /* bm_scan_image_qr_corner_001_@2x.png in Resources */,
				95B75C8721CDCB4100EAD18E /* Main.storyboard in Resources */,
				95B75CFD21CDD9F900EAD18E /* icn_light@3x.png in Resources */,
			);
			runOnlyForDeploymentPostprocessing = 0;
		};
/* End PBXResourcesBuildPhase section */

/* Begin PBXShellScriptBuildPhase section */
		2CA7C87A244C8265A66830DA /* [CP] Copy Pods Resources */ = {
			isa = PBXShellScriptBuildPhase;
			buildActionMask = 2147483647;
			files = (
			);
			inputPaths = (
			);
			name = "[CP] Copy Pods Resources";
			outputPaths = (
			);
			runOnlyForDeploymentPostprocessing = 0;
			shellPath = /bin/sh;
			shellScript = "\"${SRCROOT}/Pods/Target Support Files/Pods-CLScanQrCode/Pods-CLScanQrCode-resources.sh\"\n";
			showEnvVarsInLog = 0;
		};
		4509A70B1F75D322B6AD85BD /* [CP] Embed Pods Frameworks */ = {
			isa = PBXShellScriptBuildPhase;
			buildActionMask = 2147483647;
			files = (
			);
			inputPaths = (
				"${SRCROOT}/Pods/Target Support Files/Pods-CLScanQrCode/Pods-CLScanQrCode-frameworks.sh",
				"${BUILT_PRODUCTS_DIR}/IDDialog/IDDialog.framework",
			);
			name = "[CP] Embed Pods Frameworks";
			outputPaths = (
				"${TARGET_BUILD_DIR}/${FRAMEWORKS_FOLDER_PATH}/IDDialog.framework",
			);
			runOnlyForDeploymentPostprocessing = 0;
			shellPath = /bin/sh;
			shellScript = "\"${SRCROOT}/Pods/Target Support Files/Pods-CLScanQrCode/Pods-CLScanQrCode-frameworks.sh\"\n";
			showEnvVarsInLog = 0;
		};
		B24212F07BFF64DF5256579C /* [CP] Check Pods Manifest.lock */ = {
			isa = PBXShellScriptBuildPhase;
			buildActionMask = 2147483647;
			files = (
			);
			inputPaths = (
				"${PODS_PODFILE_DIR_PATH}/Podfile.lock",
				"${PODS_ROOT}/Manifest.lock",
			);
			name = "[CP] Check Pods Manifest.lock";
			outputPaths = (
				"$(DERIVED_FILE_DIR)/Pods-CLScanQrCode-checkManifestLockResult.txt",
			);
			runOnlyForDeploymentPostprocessing = 0;
			shellPath = /bin/sh;
			shellScript = "diff \"${PODS_PODFILE_DIR_PATH}/Podfile.lock\" \"${PODS_ROOT}/Manifest.lock\" > /dev/null\nif [ $? != 0 ] ; then\n    # print error to STDERR\n    echo \"error: The sandbox is not in sync with the Podfile.lock. Run 'pod install' or update your CocoaPods installation.\" >&2\n    exit 1\nfi\n# This output is used by Xcode 'outputs' to avoid re-running this script phase.\necho \"SUCCESS\" > \"${SCRIPT_OUTPUT_FILE_0}\"\n";
			showEnvVarsInLog = 0;
		};
/* End PBXShellScriptBuildPhase section */

/* Begin PBXSourcesBuildPhase section */
		95B75C7A21CDCB4100EAD18E /* Sources */ = {
			isa = PBXSourcesBuildPhase;
			buildActionMask = 2147483647;
			files = (
				95B75CF721CDD3B800EAD18E /* BMDefaultUIView.m in Sources */,
				95B75D0C21CDE10300EAD18E /* LimitsTools.swift in Sources */,
				95B75CF921CDD3B800EAD18E /* BMScanController.m in Sources */,
				95B75D0E21CDE4B200EAD18E /* IDScanQrcodeConfig.swift in Sources */,
				95B75D0A21CDE0B900EAD18E /* BundleUtil.swift in Sources */,
				95B75C8421CDCB4100EAD18E /* ViewController.swift in Sources */,
				95B75C8221CDCB4100EAD18E /* AppDelegate.swift in Sources */,
				95B75CCF21CDD30F00EAD18E /* CLScanCodeController.swift in Sources */,
				95B75CFA21CDD3B800EAD18E /* BMScanDefaultCotroller.m in Sources */,
				95B75D0421CDDE1700EAD18E /* IDScanNavgationView.swift in Sources */,
				95B75CED21CDD3B800EAD18E /* UIImage+BMScan.m in Sources */,
			);
			runOnlyForDeploymentPostprocessing = 0;
		};
/* End PBXSourcesBuildPhase section */

/* Begin PBXVariantGroup section */
		95B75C8521CDCB4100EAD18E /* Main.storyboard */ = {
			isa = PBXVariantGroup;
			children = (
				95B75C8621CDCB4100EAD18E /* Base */,
			);
			name = Main.storyboard;
			sourceTree = "<group>";
		};
		95B75C8A21CDCB4300EAD18E /* LaunchScreen.storyboard */ = {
			isa = PBXVariantGroup;
			children = (
				95B75C8B21CDCB4300EAD18E /* Base */,
			);
			name = LaunchScreen.storyboard;
			sourceTree = "<group>";
		};
/* End PBXVariantGroup section */

/* Begin XCBuildConfiguration section */
		95B75C8E21CDCB4300EAD18E /* Debug */ = {
			isa = XCBuildConfiguration;
			buildSettings = {
				ALWAYS_SEARCH_USER_PATHS = NO;
				CLANG_ANALYZER_NONNULL = YES;
				CLANG_ANALYZER_NUMBER_OBJECT_CONVERSION = YES_AGGRESSIVE;
				CLANG_CXX_LANGUAGE_STANDARD = "gnu++14";
				CLANG_CXX_LIBRARY = "libc++";
				CLANG_ENABLE_MODULES = YES;
				CLANG_ENABLE_OBJC_ARC = YES;
				CLANG_ENABLE_OBJC_WEAK = YES;
				CLANG_WARN_BLOCK_CAPTURE_AUTORELEASING = YES;
				CLANG_WARN_BOOL_CONVERSION = YES;
				CLANG_WARN_COMMA = YES;
				CLANG_WARN_CONSTANT_CONVERSION = YES;
				CLANG_WARN_DEPRECATED_OBJC_IMPLEMENTATIONS = YES;
				CLANG_WARN_DIRECT_OBJC_ISA_USAGE = YES_ERROR;
				CLANG_WARN_DOCUMENTATION_COMMENTS = YES;
				CLANG_WARN_EMPTY_BODY = YES;
				CLANG_WARN_ENUM_CONVERSION = YES;
				CLANG_WARN_INFINITE_RECURSION = YES;
				CLANG_WARN_INT_CONVERSION = YES;
				CLANG_WARN_NON_LITERAL_NULL_CONVERSION = YES;
				CLANG_WARN_OBJC_IMPLICIT_RETAIN_SELF = YES;
				CLANG_WARN_OBJC_LITERAL_CONVERSION = YES;
				CLANG_WARN_OBJC_ROOT_CLASS = YES_ERROR;
				CLANG_WARN_RANGE_LOOP_ANALYSIS = YES;
				CLANG_WARN_STRICT_PROTOTYPES = YES;
				CLANG_WARN_SUSPICIOUS_MOVE = YES;
				CLANG_WARN_UNGUARDED_AVAILABILITY = YES_AGGRESSIVE;
				CLANG_WARN_UNREACHABLE_CODE = YES;
				CLANG_WARN__DUPLICATE_METHOD_MATCH = YES;
				CODE_SIGN_IDENTITY = "iPhone Developer";
				COPY_PHASE_STRIP = NO;
				DEBUG_INFORMATION_FORMAT = dwarf;
				ENABLE_STRICT_OBJC_MSGSEND = YES;
				ENABLE_TESTABILITY = YES;
				GCC_C_LANGUAGE_STANDARD = gnu11;
				GCC_DYNAMIC_NO_PIC = NO;
				GCC_NO_COMMON_BLOCKS = YES;
				GCC_OPTIMIZATION_LEVEL = 0;
				GCC_PREPROCESSOR_DEFINITIONS = (
					"DEBUG=1",
					"$(inherited)",
				);
				GCC_WARN_64_TO_32_BIT_CONVERSION = YES;
				GCC_WARN_ABOUT_RETURN_TYPE = YES_ERROR;
				GCC_WARN_UNDECLARED_SELECTOR = YES;
				GCC_WARN_UNINITIALIZED_AUTOS = YES_AGGRESSIVE;
				GCC_WARN_UNUSED_FUNCTION = YES;
				GCC_WARN_UNUSED_VARIABLE = YES;
				IPHONEOS_DEPLOYMENT_TARGET = 12.1;
				MTL_ENABLE_DEBUG_INFO = INCLUDE_SOURCE;
				MTL_FAST_MATH = YES;
				ONLY_ACTIVE_ARCH = YES;
				SDKROOT = iphoneos;
				SWIFT_ACTIVE_COMPILATION_CONDITIONS = DEBUG;
				SWIFT_OPTIMIZATION_LEVEL = "-Onone";
			};
			name = Debug;
		};
		95B75C8F21CDCB4300EAD18E /* Release */ = {
			isa = XCBuildConfiguration;
			buildSettings = {
				ALWAYS_SEARCH_USER_PATHS = NO;
				CLANG_ANALYZER_NONNULL = YES;
				CLANG_ANALYZER_NUMBER_OBJECT_CONVERSION = YES_AGGRESSIVE;
				CLANG_CXX_LANGUAGE_STANDARD = "gnu++14";
				CLANG_CXX_LIBRARY = "libc++";
				CLANG_ENABLE_MODULES = YES;
				CLANG_ENABLE_OBJC_ARC = YES;
				CLANG_ENABLE_OBJC_WEAK = YES;
				CLANG_WARN_BLOCK_CAPTURE_AUTORELEASING = YES;
				CLANG_WARN_BOOL_CONVERSION = YES;
				CLANG_WARN_COMMA = YES;
				CLANG_WARN_CONSTANT_CONVERSION = YES;
				CLANG_WARN_DEPRECATED_OBJC_IMPLEMENTATIONS = YES;
				CLANG_WARN_DIRECT_OBJC_ISA_USAGE = YES_ERROR;
				CLANG_WARN_DOCUMENTATION_COMMENTS = YES;
				CLANG_WARN_EMPTY_BODY = YES;
				CLANG_WARN_ENUM_CONVERSION = YES;
				CLANG_WARN_INFINITE_RECURSION = YES;
				CLANG_WARN_INT_CONVERSION = YES;
				CLANG_WARN_NON_LITERAL_NULL_CONVERSION = YES;
				CLANG_WARN_OBJC_IMPLICIT_RETAIN_SELF = YES;
				CLANG_WARN_OBJC_LITERAL_CONVERSION = YES;
				CLANG_WARN_OBJC_ROOT_CLASS = YES_ERROR;
				CLANG_WARN_RANGE_LOOP_ANALYSIS = YES;
				CLANG_WARN_STRICT_PROTOTYPES = YES;
				CLANG_WARN_SUSPICIOUS_MOVE = YES;
				CLANG_WARN_UNGUARDED_AVAILABILITY = YES_AGGRESSIVE;
				CLANG_WARN_UNREACHABLE_CODE = YES;
				CLANG_WARN__DUPLICATE_METHOD_MATCH = YES;
				CODE_SIGN_IDENTITY = "iPhone Developer";
				COPY_PHASE_STRIP = NO;
				DEBUG_INFORMATION_FORMAT = "dwarf-with-dsym";
				ENABLE_NS_ASSERTIONS = NO;
				ENABLE_STRICT_OBJC_MSGSEND = YES;
				GCC_C_LANGUAGE_STANDARD = gnu11;
				GCC_NO_COMMON_BLOCKS = YES;
				GCC_WARN_64_TO_32_BIT_CONVERSION = YES;
				GCC_WARN_ABOUT_RETURN_TYPE = YES_ERROR;
				GCC_WARN_UNDECLARED_SELECTOR = YES;
				GCC_WARN_UNINITIALIZED_AUTOS = YES_AGGRESSIVE;
				GCC_WARN_UNUSED_FUNCTION = YES;
				GCC_WARN_UNUSED_VARIABLE = YES;
				IPHONEOS_DEPLOYMENT_TARGET = 12.1;
				MTL_ENABLE_DEBUG_INFO = NO;
				MTL_FAST_MATH = YES;
				SDKROOT = iphoneos;
				SWIFT_COMPILATION_MODE = wholemodule;
				SWIFT_OPTIMIZATION_LEVEL = "-O";
				VALIDATE_PRODUCT = YES;
			};
			name = Release;
		};
		95B75C9121CDCB4300EAD18E /* Debug */ = {
			isa = XCBuildConfiguration;
			baseConfigurationReference = 697F061BC86033F31E482C75 /* Pods-CLScanQrCode.debug.xcconfig */;
			buildSettings = {
				ASSETCATALOG_COMPILER_APPICON_NAME = AppIcon;
				CLANG_ENABLE_MODULES = YES;
				CODE_SIGN_STYLE = Automatic;
				DEVELOPMENT_TEAM = MB49F9C6PJ;
				INFOPLIST_FILE = CLScanQrCode/Info.plist;
				IPHONEOS_DEPLOYMENT_TARGET = 8.0;
				LD_RUNPATH_SEARCH_PATHS = (
					"$(inherited)",
					"@executable_path/Frameworks",
				);
				PRODUCT_BUNDLE_IDENTIFIER = hd.CLScanQrCode;
				PRODUCT_NAME = "$(TARGET_NAME)";
				SWIFT_OBJC_BRIDGING_HEADER = "CLScanQrCode/CLScanQrCode/CLScanQrCode-Bridging-Header.h";
				SWIFT_OPTIMIZATION_LEVEL = "-Onone";
				SWIFT_VERSION = 4.2;
				TARGETED_DEVICE_FAMILY = "1,2";
			};
			name = Debug;
		};
		95B75C9221CDCB4300EAD18E /* Release */ = {
			isa = XCBuildConfiguration;
			baseConfigurationReference = A557B53E22C8A7F4B4E1B2F4 /* Pods-CLScanQrCode.release.xcconfig */;
			buildSettings = {
				ASSETCATALOG_COMPILER_APPICON_NAME = AppIcon;
				CLANG_ENABLE_MODULES = YES;
				CODE_SIGN_STYLE = Automatic;
				DEVELOPMENT_TEAM = MB49F9C6PJ;
				INFOPLIST_FILE = CLScanQrCode/Info.plist;
				IPHONEOS_DEPLOYMENT_TARGET = 8.0;
				LD_RUNPATH_SEARCH_PATHS = (
					"$(inherited)",
					"@executable_path/Frameworks",
				);
				PRODUCT_BUNDLE_IDENTIFIER = hd.CLScanQrCode;
				PRODUCT_NAME = "$(TARGET_NAME)";
				SWIFT_OBJC_BRIDGING_HEADER = "CLScanQrCode/CLScanQrCode/CLScanQrCode-Bridging-Header.h";
				SWIFT_VERSION = 4.2;
				TARGETED_DEVICE_FAMILY = "1,2";
			};
			name = Release;
		};
/* End XCBuildConfiguration section */

/* Begin XCConfigurationList section */
		95B75C7921CDCB4100EAD18E /* Build configuration list for PBXProject "CLScanQrCode" */ = {
			isa = XCConfigurationList;
			buildConfigurations = (
				95B75C8E21CDCB4300EAD18E /* Debug */,
				95B75C8F21CDCB4300EAD18E /* Release */,
			);
			defaultConfigurationIsVisible = 0;
			defaultConfigurationName = Release;
		};
		95B75C9021CDCB4300EAD18E /* Build configuration list for PBXNativeTarget "CLScanQrCode" */ = {
			isa = XCConfigurationList;
			buildConfigurations = (
				95B75C9121CDCB4300EAD18E /* Debug */,
				95B75C9221CDCB4300EAD18E /* Release */,
			);
			defaultConfigurationIsVisible = 0;
			defaultConfigurationName = Release;
		};
/* End XCConfigurationList section */
	};
	rootObject = 95B75C7621CDCB4100EAD18E /* Project object */;
}
